{
  "name": "create-universal-solid-app",
  "version": "0.0.0",
  "lockfileVersion": 3,
  "requires": true,
  "packages": {
    "": {
      "name": "create-universal-solid-app",
      "version": "0.0.0",
      "license": "MIT",
      "bin": {
        "create-universal-solid-app": "node index.js"
      }
    }
  }
}
